
Microsoft Visual Studio Solution File, Format Version 12.00
# Visual Studio Version 16
VisualStudioVersion = 16.0.31129.286
MinimumVisualStudioVersion = 10.0.40219.1
Project("{FAE04EC0-301F-11D3-BF4B-00C04F79EFBC}") = "deleting_occurences_linked_list", "deleting_occurences_linked_list\deleting_occurences_linked_list.csproj", "{878D1458-5F75-46D5-B9A4-55C521F5185D}"
EndProject
Global
	GlobalSection(SolutionConfigurationPlatforms) = preSolution
		Debug|Any CPU = Debug|Any CPU
		Release|Any CPU = Release|Any CPU
	EndGlobalSection
	GlobalSection(ProjectConfigurationPlatforms) = postSolution
		{878D1458-5F75-46D5-B9A4-55C521F5185D}.Debug|Any CPU.ActiveCfg = Debug|Any CPU
		{878D1458-5F75-46D5-B9A4-55C521F5185D}.Debug|Any CPU.Build.0 = Debug|Any CPU
		{878D1458-5F75-46D5-B9A4-55C521F5185D}.Release|Any CPU.ActiveCfg = Release|Any CPU
		{878D1458-5F75-46D5-B9A4-55C521F5185D}.Release|Any CPU.Build.0 = Release|Any CPU
	EndGlobalSection
	GlobalSection(SolutionProperties) = preSolution
		HideSolutionNode = FALSE
	EndGlobalSection
	GlobalSection(ExtensibilityGlobals) = postSolution
		SolutionGuid = {539452A6-BB31-43C3-8039-0964B23837F8}
	EndGlobalSection
EndGlobal
