
Microsoft Visual Studio Solution File, Format Version 12.00
# Visual Studio Version 16
VisualStudioVersion = 16.0.31321.278
MinimumVisualStudioVersion = 10.0.40219.1
Project("{FAE04EC0-301F-11D3-BF4B-00C04F79EFBC}") = "median_of_2_sorted_arrays", "median_of_2_sorted_arrays\median_of_2_sorted_arrays.csproj", "{9E2CBDE6-E2A6-4FFA-AB74-7D418D9C2734}"
EndProject
Global
	GlobalSection(SolutionConfigurationPlatforms) = preSolution
		Debug|Any CPU = Debug|Any CPU
		Release|Any CPU = Release|Any CPU
	EndGlobalSection
	GlobalSection(ProjectConfigurationPlatforms) = postSolution
		{9E2CBDE6-E2A6-4FFA-AB74-7D418D9C2734}.Debug|Any CPU.ActiveCfg = Debug|Any CPU
		{9E2CBDE6-E2A6-4FFA-AB74-7D418D9C2734}.Debug|Any CPU.Build.0 = Debug|Any CPU
		{9E2CBDE6-E2A6-4FFA-AB74-7D418D9C2734}.Release|Any CPU.ActiveCfg = Release|Any CPU
		{9E2CBDE6-E2A6-4FFA-AB74-7D418D9C2734}.Release|Any CPU.Build.0 = Release|Any CPU
	EndGlobalSection
	GlobalSection(SolutionProperties) = preSolution
		HideSolutionNode = FALSE
	EndGlobalSection
	GlobalSection(ExtensibilityGlobals) = postSolution
		SolutionGuid = {9CD4A423-CD40-4B53-BA4D-6B836947006C}
	EndGlobalSection
EndGlobal
