
Microsoft Visual Studio Solution File, Format Version 12.00
# Visual Studio Version 16
VisualStudioVersion = 16.0.31105.61
MinimumVisualStudioVersion = 10.0.40219.1
Project("{FAE04EC0-301F-11D3-BF4B-00C04F79EFBC}") = "generate_power_set", "generate_power_set\generate_power_set.csproj", "{748214B2-E89F-4AE6-A261-4122D9E6DF91}"
EndProject
Global
	GlobalSection(SolutionConfigurationPlatforms) = preSolution
		Debug|Any CPU = Debug|Any CPU
		Release|Any CPU = Release|Any CPU
	EndGlobalSection
	GlobalSection(ProjectConfigurationPlatforms) = postSolution
		{748214B2-E89F-4AE6-A261-4122D9E6DF91}.Debug|Any CPU.ActiveCfg = Debug|Any CPU
		{748214B2-E89F-4AE6-A261-4122D9E6DF91}.Debug|Any CPU.Build.0 = Debug|Any CPU
		{748214B2-E89F-4AE6-A261-4122D9E6DF91}.Release|Any CPU.ActiveCfg = Release|Any CPU
		{748214B2-E89F-4AE6-A261-4122D9E6DF91}.Release|Any CPU.Build.0 = Release|Any CPU
	EndGlobalSection
	GlobalSection(SolutionProperties) = preSolution
		HideSolutionNode = FALSE
	EndGlobalSection
	GlobalSection(ExtensibilityGlobals) = postSolution
		SolutionGuid = {7931F750-08E1-4F36-9D49-60432530A9CB}
	EndGlobalSection
EndGlobal
